
Microsoft Visual Studio Solution File, Format Version 12.00
# Visual Studio 14
VisualStudioVersion = 14.0.25420.1
MinimumVisualStudioVersion = 10.0.40219.1
Project("{FAE04EC0-301F-11D3-BF4B-00C04F79EFBC}") = "SudokuForms", "SudokuForms\SudokuForms.csproj", "{369093E1-F863-47E1-BE87-086FCF6E6516}"
EndProject
Global
	GlobalSection(SolutionConfigurationPlatforms) = preSolution
		Debug|Any CPU = Debug|Any CPU
		Release|Any CPU = Release|Any CPU
	EndGlobalSection
	GlobalSection(ProjectConfigurationPlatforms) = postSolution
		{369093E1-F863-47E1-BE87-086FCF6E6516}.Debug|Any CPU.ActiveCfg = Debug|Any CPU
		{369093E1-F863-47E1-BE87-086FCF6E6516}.Debug|Any CPU.Build.0 = Debug|Any CPU
		{369093E1-F863-47E1-BE87-086FCF6E6516}.Release|Any CPU.ActiveCfg = Release|Any CPU
		{369093E1-F863-47E1-BE87-086FCF6E6516}.Release|Any CPU.Build.0 = Release|Any CPU
	EndGlobalSection
	GlobalSection(SolutionProperties) = preSolution
		HideSolutionNode = FALSE
	EndGlobalSection
EndGlobal
